// !$*UTF8*$!
{
	archiveVersion = 1;
	classes = {
	};
	objectVersion = 55;
	objects = {

/* Begin PBXBuildFile section */
		0F2829862860AD5F0027C00C /* Constants.swift in Sources */ = {isa = PBXBuildFile; fileRef = 0F2829852860AD5F0027C00C /* Constants.swift */; };
		0F4B8ADD286741DA00E72E8C /* Conversion.swift in Sources */ = {isa = PBXBuildFile; fileRef = 0F4B8ADC286741DA00E72E8C /* Conversion.swift */; };
		0F9431CA285DDEA600A3F288 /* GameBoardPage.swift in Sources */ = {isa = PBXBuildFile; fileRef = 0F9431C9285DDEA600A3F288 /* GameBoardPage.swift */; };
		2C00303E285C8B18002BB9F5 /* Puzzle.swift in Sources */ = {isa = PBXBuildFile; fileRef = 2C00303D285C8B18002BB9F5 /* Puzzle.swift */; };
		2C982A05286707D100423143 /* WinPage.swift in Sources */ = {isa = PBXBuildFile; fileRef = 2C982A04286707D100423143 /* WinPage.swift */; };
		A23F4A302867131E005A652B /* TermsOfService.swift in Sources */ = {isa = PBXBuildFile; fileRef = A23F4A2F2867131E005A652B /* TermsOfService.swift */; };
		A23F4A322867433B005A652B /* ScoreboardPage.swift in Sources */ = {isa = PBXBuildFile; fileRef = A23F4A312867433B005A652B /* ScoreboardPage.swift */; };
		A23F4A3428675A37005A652B /* ScoreboardViewModel.swift in Sources */ = {isa = PBXBuildFile; fileRef = A23F4A3328675A37005A652B /* ScoreboardViewModel.swift */; };
		A2A288BE2862F989008D9457 /* Difficulty.swift in Sources */ = {isa = PBXBuildFile; fileRef = A2A288BD2862F989008D9457 /* Difficulty.swift */; };
		A2A288C02862FADE008D9457 /* GameBoardViewModel.swift in Sources */ = {isa = PBXBuildFile; fileRef = A2A288BF2862FADE008D9457 /* GameBoardViewModel.swift */; };
		A2A288C22862FF56008D9457 /* GameStatus.swift in Sources */ = {isa = PBXBuildFile; fileRef = A2A288C12862FF56008D9457 /* GameStatus.swift */; };
		E133B81E2859D1620098D53A /* HomePage.swift in Sources */ = {isa = PBXBuildFile; fileRef = E133B81D2859D1620098D53A /* HomePage.swift */; };
		E133B8262859E45C0098D53A /* ButtonStyles.swift in Sources */ = {isa = PBXBuildFile; fileRef = E133B8252859E45C0098D53A /* ButtonStyles.swift */; };
		E133B8292859E5210098D53A /* Size.swift in Sources */ = {isa = PBXBuildFile; fileRef = E133B8282859E5210098D53A /* Size.swift */; };
		E133B82C2859F29E0098D53A /* UIPilot in Frameworks */ = {isa = PBXBuildFile; productRef = E133B82B2859F29E0098D53A /* UIPilot */; };
		E133B82F2859F2F10098D53A /* UIPilot in Frameworks */ = {isa = PBXBuildFile; productRef = E133B82E2859F2F10098D53A /* UIPilot */; };
		E14175E6285BA7630038E86D /* SettingSheet.swift in Sources */ = {isa = PBXBuildFile; fileRef = E14175E5285BA7630038E86D /* SettingSheet.swift */; };
		E16AC81E284C191F0009F304 /* sususudokuApp.swift in Sources */ = {isa = PBXBuildFile; fileRef = E16AC81D284C191F0009F304 /* sususudokuApp.swift */; };
		E16AC822284C19220009F304 /* Assets.xcassets in Resources */ = {isa = PBXBuildFile; fileRef = E16AC821284C19220009F304 /* Assets.xcassets */; };
		E16AC825284C19220009F304 /* Preview Assets.xcassets in Resources */ = {isa = PBXBuildFile; fileRef = E16AC824284C19220009F304 /* Preview Assets.xcassets */; };
		E16AC82C284C2BBA0009F304 /* GoogleService-Info.plist in Resources */ = {isa = PBXBuildFile; fileRef = E16AC82B284C2BBA0009F304 /* GoogleService-Info.plist */; };
		E16AC82F284C2D9E0009F304 /* FirebaseAnalyticsSwift in Frameworks */ = {isa = PBXBuildFile; productRef = E16AC82E284C2D9E0009F304 /* FirebaseAnalyticsSwift */; };
		E16AC831284C2D9E0009F304 /* FirebaseAppCheck in Frameworks */ = {isa = PBXBuildFile; productRef = E16AC830284C2D9E0009F304 /* FirebaseAppCheck */; };
		E16AC833284C2D9E0009F304 /* FirebaseAuth in Frameworks */ = {isa = PBXBuildFile; productRef = E16AC832284C2D9E0009F304 /* FirebaseAuth */; };
		E16AC835284C2D9E0009F304 /* FirebaseCrashlytics in Frameworks */ = {isa = PBXBuildFile; productRef = E16AC834284C2D9E0009F304 /* FirebaseCrashlytics */; };
		E16AC837284C2D9E0009F304 /* FirebaseDatabaseSwift in Frameworks */ = {isa = PBXBuildFile; productRef = E16AC836284C2D9E0009F304 /* FirebaseDatabaseSwift */; };
		E16AC839284C2D9F0009F304 /* FirebaseFirestoreSwift in Frameworks */ = {isa = PBXBuildFile; productRef = E16AC838284C2D9F0009F304 /* FirebaseFirestoreSwift */; };
		E16AC83D284C2D9F0009F304 /* FirebasePerformance in Frameworks */ = {isa = PBXBuildFile; productRef = E16AC83C284C2D9F0009F304 /* FirebasePerformance */; };
		E16AC83F284C2D9F0009F304 /* FirebaseRemoteConfigSwift in Frameworks */ = {isa = PBXBuildFile; productRef = E16AC83E284C2D9F0009F304 /* FirebaseRemoteConfigSwift */; };
		E16AC841284C2D9F0009F304 /* FirebaseStorage in Frameworks */ = {isa = PBXBuildFile; productRef = E16AC840284C2D9F0009F304 /* FirebaseStorage */; };
		E1CC2A092866F7610089C713 /* CloudStore.swift in Sources */ = {isa = PBXBuildFile; fileRef = E1CC2A082866F7610089C713 /* CloudStore.swift */; };
		E1CC2A0B2866F8860089C713 /* GameRecord.swift in Sources */ = {isa = PBXBuildFile; fileRef = E1CC2A0A2866F8860089C713 /* GameRecord.swift */; };
		E1CC2A0D2867437E0089C713 /* Strings.swift in Sources */ = {isa = PBXBuildFile; fileRef = E1CC2A0C2867437E0089C713 /* Strings.swift */; };
		E1CC2A0F28675BB70089C713 /* WinPageViewModel.swift in Sources */ = {isa = PBXBuildFile; fileRef = E1CC2A0E28675BB70089C713 /* WinPageViewModel.swift */; };
/* End PBXBuildFile section */

/* Begin PBXFileReference section */
		0F2829852860AD5F0027C00C /* Constants.swift */ = {isa = PBXFileReference; lastKnownFileType = sourcecode.swift; path = Constants.swift; sourceTree = "<group>"; };
		0F4B8ADC286741DA00E72E8C /* Conversion.swift */ = {isa = PBXFileReference; lastKnownFileType = sourcecode.swift; path = Conversion.swift; sourceTree = "<group>"; };
		0F9431C9285DDEA600A3F288 /* GameBoardPage.swift */ = {isa = PBXFileReference; fileEncoding = 4; lastKnownFileType = sourcecode.swift; path = GameBoardPage.swift; sourceTree = "<group>"; };
		2C00303D285C8B18002BB9F5 /* Puzzle.swift */ = {isa = PBXFileReference; lastKnownFileType = sourcecode.swift; path = Puzzle.swift; sourceTree = "<group>"; };
		2C982A04286707D100423143 /* WinPage.swift */ = {isa = PBXFileReference; lastKnownFileType = sourcecode.swift; path = WinPage.swift; sourceTree = "<group>"; };
		A23F4A2F2867131E005A652B /* TermsOfService.swift */ = {isa = PBXFileReference; lastKnownFileType = sourcecode.swift; path = TermsOfService.swift; sourceTree = "<group>"; };
		A23F4A312867433B005A652B /* ScoreboardPage.swift */ = {isa = PBXFileReference; lastKnownFileType = sourcecode.swift; path = ScoreboardPage.swift; sourceTree = "<group>"; };
		A23F4A3328675A37005A652B /* ScoreboardViewModel.swift */ = {isa = PBXFileReference; lastKnownFileType = sourcecode.swift; path = ScoreboardViewModel.swift; sourceTree = "<group>"; };
		A2A288BD2862F989008D9457 /* Difficulty.swift */ = {isa = PBXFileReference; lastKnownFileType = sourcecode.swift; path = Difficulty.swift; sourceTree = "<group>"; };
		A2A288BF2862FADE008D9457 /* GameBoardViewModel.swift */ = {isa = PBXFileReference; lastKnownFileType = sourcecode.swift; path = GameBoardViewModel.swift; sourceTree = "<group>"; };
		A2A288C12862FF56008D9457 /* GameStatus.swift */ = {isa = PBXFileReference; lastKnownFileType = sourcecode.swift; path = GameStatus.swift; sourceTree = "<group>"; };
		E133B81D2859D1620098D53A /* HomePage.swift */ = {isa = PBXFileReference; lastKnownFileType = sourcecode.swift; path = HomePage.swift; sourceTree = "<group>"; };
		E133B8252859E45C0098D53A /* ButtonStyles.swift */ = {isa = PBXFileReference; lastKnownFileType = sourcecode.swift; path = ButtonStyles.swift; sourceTree = "<group>"; };
		E133B8282859E5210098D53A /* Size.swift */ = {isa = PBXFileReference; lastKnownFileType = sourcecode.swift; path = Size.swift; sourceTree = "<group>"; };
		E14175E5285BA7630038E86D /* SettingSheet.swift */ = {isa = PBXFileReference; lastKnownFileType = sourcecode.swift; path = SettingSheet.swift; sourceTree = "<group>"; };
		E16AC81A284C191F0009F304 /* sususudoku.app */ = {isa = PBXFileReference; explicitFileType = wrapper.application; includeInIndex = 0; path = sususudoku.app; sourceTree = BUILT_PRODUCTS_DIR; };
		E16AC81D284C191F0009F304 /* sususudokuApp.swift */ = {isa = PBXFileReference; lastKnownFileType = sourcecode.swift; path = sususudokuApp.swift; sourceTree = "<group>"; };
		E16AC821284C19220009F304 /* Assets.xcassets */ = {isa = PBXFileReference; lastKnownFileType = folder.assetcatalog; path = Assets.xcassets; sourceTree = "<group>"; };
		E16AC824284C19220009F304 /* Preview Assets.xcassets */ = {isa = PBXFileReference; lastKnownFileType = folder.assetcatalog; path = "Preview Assets.xcassets"; sourceTree = "<group>"; };
		E16AC82B284C2BBA0009F304 /* GoogleService-Info.plist */ = {isa = PBXFileReference; fileEncoding = 4; lastKnownFileType = text.plist.xml; path = "GoogleService-Info.plist"; sourceTree = "<group>"; };
		E1CC2A082866F7610089C713 /* CloudStore.swift */ = {isa = PBXFileReference; lastKnownFileType = sourcecode.swift; path = CloudStore.swift; sourceTree = "<group>"; };
		E1CC2A0A2866F8860089C713 /* GameRecord.swift */ = {isa = PBXFileReference; lastKnownFileType = sourcecode.swift; path = GameRecord.swift; sourceTree = "<group>"; };
		E1CC2A0C2867437E0089C713 /* Strings.swift */ = {isa = PBXFileReference; lastKnownFileType = sourcecode.swift; path = Strings.swift; sourceTree = "<group>"; };
		E1CC2A0E28675BB70089C713 /* WinPageViewModel.swift */ = {isa = PBXFileReference; lastKnownFileType = sourcecode.swift; path = WinPageViewModel.swift; sourceTree = "<group>"; };
/* End PBXFileReference section */

/* Begin PBXFrameworksBuildPhase section */
		E16AC817284C191F0009F304 /* Frameworks */ = {
			isa = PBXFrameworksBuildPhase;
			buildActionMask = 2147483647;
			files = (
				E16AC837284C2D9E0009F304 /* FirebaseDatabaseSwift in Frameworks */,
				E16AC831284C2D9E0009F304 /* FirebaseAppCheck in Frameworks */,
				E16AC841284C2D9F0009F304 /* FirebaseStorage in Frameworks */,
				E16AC83F284C2D9F0009F304 /* FirebaseRemoteConfigSwift in Frameworks */,
				E133B82F2859F2F10098D53A /* UIPilot in Frameworks */,
				E16AC835284C2D9E0009F304 /* FirebaseCrashlytics in Frameworks */,
				E16AC833284C2D9E0009F304 /* FirebaseAuth in Frameworks */,
				E16AC82F284C2D9E0009F304 /* FirebaseAnalyticsSwift in Frameworks */,
				E16AC83D284C2D9F0009F304 /* FirebasePerformance in Frameworks */,
				E16AC839284C2D9F0009F304 /* FirebaseFirestoreSwift in Frameworks */,
				E133B82C2859F29E0098D53A /* UIPilot in Frameworks */,
			);
			runOnlyForDeploymentPostprocessing = 0;
		};
/* End PBXFrameworksBuildPhase section */

/* Begin PBXGroup section */
		A2A288C32863404A008D9457 /* Data */ = {
			isa = PBXGroup;
			children = (
				A2A288C12862FF56008D9457 /* GameStatus.swift */,
			);
			path = Data;
			sourceTree = "<group>";
		};
		E133B8222859E42B0098D53A /* Components */ = {
			isa = PBXGroup;
			children = (
				A23F4A2F2867131E005A652B /* TermsOfService.swift */,
			);
			path = Components;
			sourceTree = "<group>";
		};
		E133B8232859E4390098D53A /* Pages */ = {
			isa = PBXGroup;
			children = (
				0F9431C9285DDEA600A3F288 /* GameBoardPage.swift */,
				E133B81D2859D1620098D53A /* HomePage.swift */,
				E14175E5285BA7630038E86D /* SettingSheet.swift */,
				2C982A04286707D100423143 /* WinPage.swift */,
				A23F4A312867433B005A652B /* ScoreboardPage.swift */,
			);
			path = Pages;
			sourceTree = "<group>";
		};
		E133B8242859E4460098D53A /* Styles */ = {
			isa = PBXGroup;
			children = (
				E133B8252859E45C0098D53A /* ButtonStyles.swift */,
			);
			path = Styles;
			sourceTree = "<group>";
		};
		E133B8272859E50D0098D53A /* Extensions */ = {
			isa = PBXGroup;
			children = (
				E133B8282859E5210098D53A /* Size.swift */,
				0F4B8ADC286741DA00E72E8C /* Conversion.swift */,
				E1CC2A0C2867437E0089C713 /* Strings.swift */,
			);
			path = Extensions;
			sourceTree = "<group>";
		};
		E13ED9AE285246A100220337 /* View */ = {
			isa = PBXGroup;
			children = (
				E133B8272859E50D0098D53A /* Extensions */,
				E133B8242859E4460098D53A /* Styles */,
				E133B8232859E4390098D53A /* Pages */,
				E133B8222859E42B0098D53A /* Components */,
				0F2829852860AD5F0027C00C /* Constants.swift */,
			);
			path = View;
			sourceTree = "<group>";
		};
		E13ED9AF285246A800220337 /* ViewModel */ = {
			isa = PBXGroup;
			children = (
				A2A288C32863404A008D9457 /* Data */,
				A2A288BF2862FADE008D9457 /* GameBoardViewModel.swift */,
				E1CC2A0E28675BB70089C713 /* WinPageViewModel.swift */,
				A23F4A3328675A37005A652B /* ScoreboardViewModel.swift */,
			);
			path = ViewModel;
			sourceTree = "<group>";
		};
		E13ED9B0285246AE00220337 /* Model */ = {
			isa = PBXGroup;
			children = (
				2C00303D285C8B18002BB9F5 /* Puzzle.swift */,
				A2A288BD2862F989008D9457 /* Difficulty.swift */,
				E1CC2A0A2866F8860089C713 /* GameRecord.swift */,
			);
			path = Model;
			sourceTree = "<group>";
		};
		E13ED9B1285246B300220337 /* Repository */ = {
			isa = PBXGroup;
			children = (
				E1CC2A082866F7610089C713 /* CloudStore.swift */,
			);
			path = Repository;
			sourceTree = "<group>";
		};
		E13ED9B2285246BE00220337 /* Resource */ = {
			isa = PBXGroup;
			children = (
				E16AC82B284C2BBA0009F304 /* GoogleService-Info.plist */,
				E16AC821284C19220009F304 /* Assets.xcassets */,
				E16AC823284C19220009F304 /* Preview Content */,
			);
			path = Resource;
			sourceTree = "<group>";
		};
		E13ED9B3285247A500220337 /* App */ = {
			isa = PBXGroup;
			children = (
				E16AC81D284C191F0009F304 /* sususudokuApp.swift */,
			);
			path = App;
			sourceTree = "<group>";
		};
		E16AC811284C191F0009F304 = {
			isa = PBXGroup;
			children = (
				E13ED9B3285247A500220337 /* App */,
				E13ED9B2285246BE00220337 /* Resource */,
				E13ED9B1285246B300220337 /* Repository */,
				E13ED9B0285246AE00220337 /* Model */,
				E13ED9AF285246A800220337 /* ViewModel */,
				E13ED9AE285246A100220337 /* View */,
				E16AC81B284C191F0009F304 /* Products */,
			);
			sourceTree = "<group>";
		};
		E16AC81B284C191F0009F304 /* Products */ = {
			isa = PBXGroup;
			children = (
				E16AC81A284C191F0009F304 /* sususudoku.app */,
			);
			name = Products;
			sourceTree = "<group>";
		};
		E16AC823284C19220009F304 /* Preview Content */ = {
			isa = PBXGroup;
			children = (
				E16AC824284C19220009F304 /* Preview Assets.xcassets */,
			);
			path = "Preview Content";
			sourceTree = "<group>";
		};
/* End PBXGroup section */

/* Begin PBXNativeTarget section */
		E16AC819284C191F0009F304 /* sususudoku */ = {
			isa = PBXNativeTarget;
			buildConfigurationList = E16AC828284C19220009F304 /* Build configuration list for PBXNativeTarget "sususudoku" */;
			buildPhases = (
				E16AC816284C191F0009F304 /* Sources */,
				E16AC817284C191F0009F304 /* Frameworks */,
				E16AC818284C191F0009F304 /* Resources */,
				E16AC842284C320D0009F304 /* ShellScript */,
			);
			buildRules = (
			);
			dependencies = (
			);
			name = sususudoku;
			packageProductDependencies = (
				E16AC82E284C2D9E0009F304 /* FirebaseAnalyticsSwift */,
				E16AC830284C2D9E0009F304 /* FirebaseAppCheck */,
				E16AC832284C2D9E0009F304 /* FirebaseAuth */,
				E16AC834284C2D9E0009F304 /* FirebaseCrashlytics */,
				E16AC836284C2D9E0009F304 /* FirebaseDatabaseSwift */,
				E16AC838284C2D9F0009F304 /* FirebaseFirestoreSwift */,
				E16AC83C284C2D9F0009F304 /* FirebasePerformance */,
				E16AC83E284C2D9F0009F304 /* FirebaseRemoteConfigSwift */,
				E16AC840284C2D9F0009F304 /* FirebaseStorage */,
				E133B82B2859F29E0098D53A /* UIPilot */,
				E133B82E2859F2F10098D53A /* UIPilot */,
			);
			productName = sususudoku;
			productReference = E16AC81A284C191F0009F304 /* sususudoku.app */;
			productType = "com.apple.product-type.application";
		};
/* End PBXNativeTarget section */

/* Begin PBXProject section */
		E16AC812284C191F0009F304 /* Project object */ = {
			isa = PBXProject;
			attributes = {
				BuildIndependentTargetsInParallel = 1;
				LastSwiftUpdateCheck = 1340;
				LastUpgradeCheck = 1340;
				TargetAttributes = {
					E16AC819284C191F0009F304 = {
						CreatedOnToolsVersion = 13.4.1;
					};
				};
			};
			buildConfigurationList = E16AC815284C191F0009F304 /* Build configuration list for PBXProject "sususudoku" */;
			compatibilityVersion = "Xcode 13.0";
			developmentRegion = en;
			hasScannedForEncodings = 0;
			knownRegions = (
				en,
				Base,
			);
			mainGroup = E16AC811284C191F0009F304;
			packageReferences = (
				E16AC82D284C2D9E0009F304 /* XCRemoteSwiftPackageReference "firebase-ios-sdk" */,
				E133B82A2859F29E0098D53A /* XCRemoteSwiftPackageReference "UIPilot" */,
				E133B82D2859F2F10098D53A /* XCRemoteSwiftPackageReference "UIPilot" */,
			);
			productRefGroup = E16AC81B284C191F0009F304 /* Products */;
			projectDirPath = "";
			projectRoot = "";
			targets = (
				E16AC819284C191F0009F304 /* sususudoku */,
			);
		};
/* End PBXProject section */

/* Begin PBXResourcesBuildPhase section */
		E16AC818284C191F0009F304 /* Resources */ = {
			isa = PBXResourcesBuildPhase;
			buildActionMask = 2147483647;
			files = (
				E16AC825284C19220009F304 /* Preview Assets.xcassets in Resources */,
				E16AC822284C19220009F304 /* Assets.xcassets in Resources */,
				E16AC82C284C2BBA0009F304 /* GoogleService-Info.plist in Resources */,
			);
			runOnlyForDeploymentPostprocessing = 0;
		};
/* End PBXResourcesBuildPhase section */

/* Begin PBXShellScriptBuildPhase section */
		E16AC842284C320D0009F304 /* ShellScript */ = {
			isa = PBXShellScriptBuildPhase;
			buildActionMask = 2147483647;
			files = (
			);
			inputFileListPaths = (
			);
			inputPaths = (
				"${DWARF_DSYM_FOLDER_PATH}/${DWARF_DSYM_FILE_NAME}/Contents/Resources/DWARF/${TARGET_NAME}",
				"$(SRCROOT)/$(BUILT_PRODUCTS_DIR)/$(INFOPLIST_PATH)",
			);
			outputFileListPaths = (
			);
			outputPaths = (
			);
			runOnlyForDeploymentPostprocessing = 0;
			shellPath = /bin/sh;
			shellScript = "# Type a script or drag a script file from your workspace to insert its path.\n\"${BUILD_DIR%/Build/*}/SourcePackages/checkouts/firebase-ios-sdk/Crashlytics/run\"\n";
		};
/* End PBXShellScriptBuildPhase section */

/* Begin PBXSourcesBuildPhase section */
		E16AC816284C191F0009F304 /* Sources */ = {
			isa = PBXSourcesBuildPhase;
			buildActionMask = 2147483647;
			files = (
				E133B8262859E45C0098D53A /* ButtonStyles.swift in Sources */,
				A2A288C22862FF56008D9457 /* GameStatus.swift in Sources */,
				E1CC2A0F28675BB70089C713 /* WinPageViewModel.swift in Sources */,
				A23F4A322867433B005A652B /* ScoreboardPage.swift in Sources */,
				E133B81E2859D1620098D53A /* HomePage.swift in Sources */,
				E1CC2A092866F7610089C713 /* CloudStore.swift in Sources */,
				A2A288BE2862F989008D9457 /* Difficulty.swift in Sources */,
				E133B8292859E5210098D53A /* Size.swift in Sources */,
				A2A288C02862FADE008D9457 /* GameBoardViewModel.swift in Sources */,
				E1CC2A0D2867437E0089C713 /* Strings.swift in Sources */,
				A23F4A3428675A37005A652B /* ScoreboardViewModel.swift in Sources */,
				0F9431CA285DDEA600A3F288 /* GameBoardPage.swift in Sources */,
				2C982A05286707D100423143 /* WinPage.swift in Sources */,
				2C00303E285C8B18002BB9F5 /* Puzzle.swift in Sources */,
				E1CC2A0B2866F8860089C713 /* GameRecord.swift in Sources */,
				0F4B8ADD286741DA00E72E8C /* Conversion.swift in Sources */,
				E16AC81E284C191F0009F304 /* sususudokuApp.swift in Sources */,
				E14175E6285BA7630038E86D /* SettingSheet.swift in Sources */,
				A23F4A302867131E005A652B /* TermsOfService.swift in Sources */,
				0F2829862860AD5F0027C00C /* Constants.swift in Sources */,
			);
			runOnlyForDeploymentPostprocessing = 0;
		};
/* End PBXSourcesBuildPhase section */

/* Begin XCBuildConfiguration section */
		E16AC826284C19220009F304 /* Debug */ = {
			isa = XCBuildConfiguration;
			buildSettings = {
				ALWAYS_SEARCH_USER_PATHS = NO;
				CLANG_ANALYZER_NONNULL = YES;
				CLANG_ANALYZER_NUMBER_OBJECT_CONVERSION = YES_AGGRESSIVE;
				CLANG_CXX_LANGUAGE_STANDARD = "gnu++17";
				CLANG_ENABLE_MODULES = YES;
				CLANG_ENABLE_OBJC_ARC = YES;
				CLANG_ENABLE_OBJC_WEAK = YES;
				CLANG_WARN_BLOCK_CAPTURE_AUTORELEASING = YES;
				CLANG_WARN_BOOL_CONVERSION = YES;
				CLANG_WARN_COMMA = YES;
				CLANG_WARN_CONSTANT_CONVERSION = YES;
				CLANG_WARN_DEPRECATED_OBJC_IMPLEMENTATIONS = YES;
				CLANG_WARN_DIRECT_OBJC_ISA_USAGE = YES_ERROR;
				CLANG_WARN_DOCUMENTATION_COMMENTS = YES;
				CLANG_WARN_EMPTY_BODY = YES;
				CLANG_WARN_ENUM_CONVERSION = YES;
				CLANG_WARN_INFINITE_RECURSION = YES;
				CLANG_WARN_INT_CONVERSION = YES;
				CLANG_WARN_NON_LITERAL_NULL_CONVERSION = YES;
				CLANG_WARN_OBJC_IMPLICIT_RETAIN_SELF = YES;
				CLANG_WARN_OBJC_LITERAL_CONVERSION = YES;
				CLANG_WARN_OBJC_ROOT_CLASS = YES_ERROR;
				CLANG_WARN_QUOTED_INCLUDE_IN_FRAMEWORK_HEADER = YES;
				CLANG_WARN_RANGE_LOOP_ANALYSIS = YES;
				CLANG_WARN_STRICT_PROTOTYPES = YES;
				CLANG_WARN_SUSPICIOUS_MOVE = YES;
				CLANG_WARN_UNGUARDED_AVAILABILITY = YES_AGGRESSIVE;
				CLANG_WARN_UNREACHABLE_CODE = YES;
				CLANG_WARN__DUPLICATE_METHOD_MATCH = YES;
				COPY_PHASE_STRIP = NO;
				DEBUG_INFORMATION_FORMAT = "dwarf-with-dsym";
				ENABLE_STRICT_OBJC_MSGSEND = YES;
				ENABLE_TESTABILITY = YES;
				GCC_C_LANGUAGE_STANDARD = gnu11;
				GCC_DYNAMIC_NO_PIC = NO;
				GCC_NO_COMMON_BLOCKS = YES;
				GCC_OPTIMIZATION_LEVEL = 0;
				GCC_PREPROCESSOR_DEFINITIONS = (
					"DEBUG=1",
					"$(inherited)",
				);
				GCC_WARN_64_TO_32_BIT_CONVERSION = YES;
				GCC_WARN_ABOUT_RETURN_TYPE = YES_ERROR;
				GCC_WARN_UNDECLARED_SELECTOR = YES;
				GCC_WARN_UNINITIALIZED_AUTOS = YES_AGGRESSIVE;
				GCC_WARN_UNUSED_FUNCTION = YES;
				GCC_WARN_UNUSED_VARIABLE = YES;
				IPHONEOS_DEPLOYMENT_TARGET = 15.5;
				MTL_ENABLE_DEBUG_INFO = INCLUDE_SOURCE;
				MTL_FAST_MATH = YES;
				ONLY_ACTIVE_ARCH = YES;
				SDKROOT = iphoneos;
				SWIFT_ACTIVE_COMPILATION_CONDITIONS = DEBUG;
				SWIFT_OPTIMIZATION_LEVEL = "-Onone";
			};
			name = Debug;
		};
		E16AC827284C19220009F304 /* Release */ = {
			isa = XCBuildConfiguration;
			buildSettings = {
				ALWAYS_SEARCH_USER_PATHS = NO;
				CLANG_ANALYZER_NONNULL = YES;
				CLANG_ANALYZER_NUMBER_OBJECT_CONVERSION = YES_AGGRESSIVE;
				CLANG_CXX_LANGUAGE_STANDARD = "gnu++17";
				CLANG_ENABLE_MODULES = YES;
				CLANG_ENABLE_OBJC_ARC = YES;
				CLANG_ENABLE_OBJC_WEAK = YES;
				CLANG_WARN_BLOCK_CAPTURE_AUTORELEASING = YES;
				CLANG_WARN_BOOL_CONVERSION = YES;
				CLANG_WARN_COMMA = YES;
				CLANG_WARN_CONSTANT_CONVERSION = YES;
				CLANG_WARN_DEPRECATED_OBJC_IMPLEMENTATIONS = YES;
				CLANG_WARN_DIRECT_OBJC_ISA_USAGE = YES_ERROR;
				CLANG_WARN_DOCUMENTATION_COMMENTS = YES;
				CLANG_WARN_EMPTY_BODY = YES;
				CLANG_WARN_ENUM_CONVERSION = YES;
				CLANG_WARN_INFINITE_RECURSION = YES;
				CLANG_WARN_INT_CONVERSION = YES;
				CLANG_WARN_NON_LITERAL_NULL_CONVERSION = YES;
				CLANG_WARN_OBJC_IMPLICIT_RETAIN_SELF = YES;
				CLANG_WARN_OBJC_LITERAL_CONVERSION = YES;
				CLANG_WARN_OBJC_ROOT_CLASS = YES_ERROR;
				CLANG_WARN_QUOTED_INCLUDE_IN_FRAMEWORK_HEADER = YES;
				CLANG_WARN_RANGE_LOOP_ANALYSIS = YES;
				CLANG_WARN_STRICT_PROTOTYPES = YES;
				CLANG_WARN_SUSPICIOUS_MOVE = YES;
				CLANG_WARN_UNGUARDED_AVAILABILITY = YES_AGGRESSIVE;
				CLANG_WARN_UNREACHABLE_CODE = YES;
				CLANG_WARN__DUPLICATE_METHOD_MATCH = YES;
				COPY_PHASE_STRIP = NO;
				DEBUG_INFORMATION_FORMAT = "dwarf-with-dsym";
				ENABLE_NS_ASSERTIONS = NO;
				ENABLE_STRICT_OBJC_MSGSEND = YES;
				GCC_C_LANGUAGE_STANDARD = gnu11;
				GCC_NO_COMMON_BLOCKS = YES;
				GCC_WARN_64_TO_32_BIT_CONVERSION = YES;
				GCC_WARN_ABOUT_RETURN_TYPE = YES_ERROR;
				GCC_WARN_UNDECLARED_SELECTOR = YES;
				GCC_WARN_UNINITIALIZED_AUTOS = YES_AGGRESSIVE;
				GCC_WARN_UNUSED_FUNCTION = YES;
				GCC_WARN_UNUSED_VARIABLE = YES;
				IPHONEOS_DEPLOYMENT_TARGET = 15.5;
				MTL_ENABLE_DEBUG_INFO = NO;
				MTL_FAST_MATH = YES;
				SDKROOT = iphoneos;
				SWIFT_COMPILATION_MODE = wholemodule;
				SWIFT_OPTIMIZATION_LEVEL = "-O";
				VALIDATE_PRODUCT = YES;
			};
			name = Release;
		};
		E16AC829284C19220009F304 /* Debug */ = {
			isa = XCBuildConfiguration;
			buildSettings = {
				ASSETCATALOG_COMPILER_APPICON_NAME = AppIcon;
				ASSETCATALOG_COMPILER_GLOBAL_ACCENT_COLOR_NAME = AccentColor;
				CODE_SIGN_STYLE = Automatic;
				CURRENT_PROJECT_VERSION = 1;
				DEVELOPMENT_ASSET_PATHS = "\"Resource/Preview Content\"";
				ENABLE_PREVIEWS = YES;
				GENERATE_INFOPLIST_FILE = YES;
				INFOPLIST_KEY_UIApplicationSceneManifest_Generation = YES;
				INFOPLIST_KEY_UIApplicationSupportsIndirectInputEvents = YES;
				INFOPLIST_KEY_UILaunchScreen_Generation = YES;
				INFOPLIST_KEY_UISupportedInterfaceOrientations = UIInterfaceOrientationPortrait;
				INFOPLIST_KEY_UISupportedInterfaceOrientations_iPad = "UIInterfaceOrientationPortrait UIInterfaceOrientationPortraitUpsideDown UIInterfaceOrientationLandscapeLeft UIInterfaceOrientationLandscapeRight";
				INFOPLIST_KEY_UISupportedInterfaceOrientations_iPhone = "UIInterfaceOrientationPortrait UIInterfaceOrientationLandscapeLeft UIInterfaceOrientationLandscapeRight";
				LD_RUNPATH_SEARCH_PATHS = (
					"$(inherited)",
					"@executable_path/Frameworks",
				);
				MARKETING_VERSION = 1.0;
				PRODUCT_BUNDLE_IDENTIFIER = tw.xcc.sususudoku;
				PRODUCT_NAME = "$(TARGET_NAME)";
				SWIFT_EMIT_LOC_STRINGS = YES;
				SWIFT_VERSION = 5.0;
				TARGETED_DEVICE_FAMILY = "1,2";
			};
			name = Debug;
		};
		E16AC82A284C19220009F304 /* Release */ = {
			isa = XCBuildConfiguration;
			buildSettings = {
				ASSETCATALOG_COMPILER_APPICON_NAME = AppIcon;
				ASSETCATALOG_COMPILER_GLOBAL_ACCENT_COLOR_NAME = AccentColor;
				CODE_SIGN_STYLE = Automatic;
				CURRENT_PROJECT_VERSION = 1;
				DEVELOPMENT_ASSET_PATHS = "\"Resource/Preview Content\"";
				ENABLE_PREVIEWS = YES;
				GENERATE_INFOPLIST_FILE = YES;
				INFOPLIST_KEY_UIApplicationSceneManifest_Generation = YES;
				INFOPLIST_KEY_UIApplicationSupportsIndirectInputEvents = YES;
				INFOPLIST_KEY_UILaunchScreen_Generation = YES;
				INFOPLIST_KEY_UISupportedInterfaceOrientations = UIInterfaceOrientationPortrait;
				INFOPLIST_KEY_UISupportedInterfaceOrientations_iPad = "UIInterfaceOrientationPortrait UIInterfaceOrientationPortraitUpsideDown UIInterfaceOrientationLandscapeLeft UIInterfaceOrientationLandscapeRight";
				INFOPLIST_KEY_UISupportedInterfaceOrientations_iPhone = "UIInterfaceOrientationPortrait UIInterfaceOrientationLandscapeLeft UIInterfaceOrientationLandscapeRight";
				LD_RUNPATH_SEARCH_PATHS = (
					"$(inherited)",
					"@executable_path/Frameworks",
				);
				MARKETING_VERSION = 1.0;
				PRODUCT_BUNDLE_IDENTIFIER = tw.xcc.sususudoku;
				PRODUCT_NAME = "$(TARGET_NAME)";
				SWIFT_EMIT_LOC_STRINGS = YES;
				SWIFT_VERSION = 5.0;
				TARGETED_DEVICE_FAMILY = "1,2";
			};
			name = Release;
		};
/* End XCBuildConfiguration section */

/* Begin XCConfigurationList section */
		E16AC815284C191F0009F304 /* Build configuration list for PBXProject "sususudoku" */ = {
			isa = XCConfigurationList;
			buildConfigurations = (
				E16AC826284C19220009F304 /* Debug */,
				E16AC827284C19220009F304 /* Release */,
			);
			defaultConfigurationIsVisible = 0;
			defaultConfigurationName = Release;
		};
		E16AC828284C19220009F304 /* Build configuration list for PBXNativeTarget "sususudoku" */ = {
			isa = XCConfigurationList;
			buildConfigurations = (
				E16AC829284C19220009F304 /* Debug */,
				E16AC82A284C19220009F304 /* Release */,
			);
			defaultConfigurationIsVisible = 0;
			defaultConfigurationName = Release;
		};
/* End XCConfigurationList section */

/* Begin XCRemoteSwiftPackageReference section */
		E133B82A2859F29E0098D53A /* XCRemoteSwiftPackageReference "UIPilot" */ = {
			isa = XCRemoteSwiftPackageReference;
			repositoryURL = "https://github.com/canopas/UIPilot.git";
			requirement = {
				branch = main;
				kind = branch;
			};
		};
		E133B82D2859F2F10098D53A /* XCRemoteSwiftPackageReference "UIPilot" */ = {
			isa = XCRemoteSwiftPackageReference;
			repositoryURL = "https://github.com/canopas/UIPilot.git";
			requirement = {
				branch = main;
				kind = branch;
			};
		};
		E16AC82D284C2D9E0009F304 /* XCRemoteSwiftPackageReference "firebase-ios-sdk" */ = {
			isa = XCRemoteSwiftPackageReference;
			repositoryURL = "https://github.com/firebase/firebase-ios-sdk";
			requirement = {
				branch = master;
				kind = branch;
			};
		};
/* End XCRemoteSwiftPackageReference section */

/* Begin XCSwiftPackageProductDependency section */
		E133B82B2859F29E0098D53A /* UIPilot */ = {
			isa = XCSwiftPackageProductDependency;
			package = E133B82A2859F29E0098D53A /* XCRemoteSwiftPackageReference "UIPilot" */;
			productName = UIPilot;
		};
		E133B82E2859F2F10098D53A /* UIPilot */ = {
			isa = XCSwiftPackageProductDependency;
			package = E133B82A2859F29E0098D53A /* XCRemoteSwiftPackageReference "UIPilot" */;
			productName = UIPilot;
		};
		E16AC82E284C2D9E0009F304 /* FirebaseAnalyticsSwift */ = {
			isa = XCSwiftPackageProductDependency;
			package = E16AC82D284C2D9E0009F304 /* XCRemoteSwiftPackageReference "firebase-ios-sdk" */;
			productName = FirebaseAnalyticsSwift;
		};
		E16AC830284C2D9E0009F304 /* FirebaseAppCheck */ = {
			isa = XCSwiftPackageProductDependency;
			package = E16AC82D284C2D9E0009F304 /* XCRemoteSwiftPackageReference "firebase-ios-sdk" */;
			productName = FirebaseAppCheck;
		};
		E16AC832284C2D9E0009F304 /* FirebaseAuth */ = {
			isa = XCSwiftPackageProductDependency;
			package = E16AC82D284C2D9E0009F304 /* XCRemoteSwiftPackageReference "firebase-ios-sdk" */;
			productName = FirebaseAuth;
		};
		E16AC834284C2D9E0009F304 /* FirebaseCrashlytics */ = {
			isa = XCSwiftPackageProductDependency;
			package = E16AC82D284C2D9E0009F304 /* XCRemoteSwiftPackageReference "firebase-ios-sdk" */;
			productName = FirebaseCrashlytics;
		};
		E16AC836284C2D9E0009F304 /* FirebaseDatabaseSwift */ = {
			isa = XCSwiftPackageProductDependency;
			package = E16AC82D284C2D9E0009F304 /* XCRemoteSwiftPackageReference "firebase-ios-sdk" */;
			productName = FirebaseDatabaseSwift;
		};
		E16AC838284C2D9F0009F304 /* FirebaseFirestoreSwift */ = {
			isa = XCSwiftPackageProductDependency;
			package = E16AC82D284C2D9E0009F304 /* XCRemoteSwiftPackageReference "firebase-ios-sdk" */;
			productName = FirebaseFirestoreSwift;
		};
		E16AC83C284C2D9F0009F304 /* FirebasePerformance */ = {
			isa = XCSwiftPackageProductDependency;
			package = E16AC82D284C2D9E0009F304 /* XCRemoteSwiftPackageReference "firebase-ios-sdk" */;
			productName = FirebasePerformance;
		};
		E16AC83E284C2D9F0009F304 /* FirebaseRemoteConfigSwift */ = {
			isa = XCSwiftPackageProductDependency;
			package = E16AC82D284C2D9E0009F304 /* XCRemoteSwiftPackageReference "firebase-ios-sdk" */;
			productName = FirebaseRemoteConfigSwift;
		};
		E16AC840284C2D9F0009F304 /* FirebaseStorage */ = {
			isa = XCSwiftPackageProductDependency;
			package = E16AC82D284C2D9E0009F304 /* XCRemoteSwiftPackageReference "firebase-ios-sdk" */;
			productName = FirebaseStorage;
		};
/* End XCSwiftPackageProductDependency section */
	};
	rootObject = E16AC812284C191F0009F304 /* Project object */;
}
